
Microsoft Visual Studio Solution File, Format Version 12.00
# Visual Studio Version 16
VisualStudioVersion = 16.0.30804.86
MinimumVisualStudioVersion = 10.0.40219.1
Project("{FAE04EC0-301F-11D3-BF4B-00C04F79EFBC}") = "Bazinga", "Bazinga\Bazinga.csproj", "{861A987D-2B55-4BEA-9DB5-C8FE9FA7E210}"
EndProject
Global
	GlobalSection(SolutionConfigurationPlatforms) = preSolution
		Debug|Any CPU = Debug|Any CPU
		Release|Any CPU = Release|Any CPU
	EndGlobalSection
	GlobalSection(ProjectConfigurationPlatforms) = postSolution
		{861A987D-2B55-4BEA-9DB5-C8FE9FA7E210}.Debug|Any CPU.ActiveCfg = Debug|Any CPU
		{861A987D-2B55-4BEA-9DB5-C8FE9FA7E210}.Debug|Any CPU.Build.0 = Debug|Any CPU
		{861A987D-2B55-4BEA-9DB5-C8FE9FA7E210}.Release|Any CPU.ActiveCfg = Release|Any CPU
		{861A987D-2B55-4BEA-9DB5-C8FE9FA7E210}.Release|Any CPU.Build.0 = Release|Any CPU
	EndGlobalSection
	GlobalSection(SolutionProperties) = preSolution
		HideSolutionNode = FALSE
	EndGlobalSection
	GlobalSection(ExtensibilityGlobals) = postSolution
		SolutionGuid = {475D1EE6-73F8-4A3E-A522-45E90953CF87}
	EndGlobalSection
EndGlobal
